{
  "nodes": {
    "nixpkgs": {
      "locked": {
        "lastModified": 1764517877,
        "narHash": "sha256-pp3uT4hHijIC8JUK5MEqeAWmParJrgBVzHLNfJDZxg4=",
        "owner": "nixos",
        "repo": "nixpkgs",
        "rev": "2d293cbfa5a793b4c50d17c05ef9e385b90edf6c",
        "type": "github"
      },
      "original": {
        "owner": "nixos",
        "ref": "nixos-unstable",
        "repo": "nixpkgs",
        "type": "github"
      }
    },
    "opencode": {
      "inputs": {
        "nixpkgs": [
          "nixpkgs"
        ]
      },
      "locked": {
        "lastModified": 1764639524,
        "narHash": "sha256-Wj/fMKQPa5q9cEcNG2KywUyWCCott5YVwtp4SaBnud8=",
        "owner": "sst",
        "repo": "opencode",
        "rev": "1864e8c8632bdf8802d527a9d30809f4e8fa587b",
        "type": "github"
      },
      "original": {
        "owner": "sst",
        "repo": "opencode",
        "type": "github"
      }
    },
    "root": {
      "inputs": {
        "nixpkgs": "nixpkgs",
        "opencode": "opencode"
      }
    }
  },
  "root": "root",
  "version": 7
}
